
Microsoft Visual Studio Solution File, Format Version 12.00
# Visual Studio Version 16
VisualStudioVersion = 16.0.30523.141
MinimumVisualStudioVersion = 10.0.40219.1
Project("{FAE04EC0-301F-11D3-BF4B-00C04F79EFBC}") = "AnaliseCentavos", "AnaliseCentavos.csproj", "{7766B048-F0B5-4545-8D97-98C4E521DDA4}"
EndProject
Global
	GlobalSection(SolutionConfigurationPlatforms) = preSolution
		Debug|Any CPU = Debug|Any CPU
		Release|Any CPU = Release|Any CPU
	EndGlobalSection
	GlobalSection(ProjectConfigurationPlatforms) = postSolution
		{7766B048-F0B5-4545-8D97-98C4E521DDA4}.Debug|Any CPU.ActiveCfg = Debug|Any CPU
		{7766B048-F0B5-4545-8D97-98C4E521DDA4}.Debug|Any CPU.Build.0 = Debug|Any CPU
		{7766B048-F0B5-4545-8D97-98C4E521DDA4}.Release|Any CPU.ActiveCfg = Release|Any CPU
		{7766B048-F0B5-4545-8D97-98C4E521DDA4}.Release|Any CPU.Build.0 = Release|Any CPU
	EndGlobalSection
	GlobalSection(SolutionProperties) = preSolution
		HideSolutionNode = FALSE
	EndGlobalSection
	GlobalSection(ExtensibilityGlobals) = postSolution
		SolutionGuid = {1F802B9A-68FB-4315-B106-6D8227253757}
	EndGlobalSection
EndGlobal
